
Microsoft Visual Studio Solution File, Format Version 12.00
# Visual Studio 2013
VisualStudioVersion = 12.0.31101.0
MinimumVisualStudioVersion = 10.0.40219.1
Project("{FAE04EC0-301F-11D3-BF4B-00C04F79EFBC}") = "CIWeb", "CIWeb\CIWeb.csproj", "{25A08F35-91F0-48F0-AF93-5618796095E8}"
EndProject
Project("{FAE04EC0-301F-11D3-BF4B-00C04F79EFBC}") = "CIWeb.Tests", "CIWeb\CIWeb.Tests\CIWeb.Tests.csproj", "{1270C364-CAB9-4B9A-9CA7-805E0BA1EA11}"
EndProject
Project("{2150E333-8FDC-42A3-9474-1A3956D46DE8}") = "PublishScripts", "PublishScripts", "{D8C2D285-C8B6-491B-85B9-0041D241160E}"
	ProjectSection(SolutionItems) = preProject
		PublishScripts\AzureWebsitePublishModule.psm1 = PublishScripts\AzureWebsitePublishModule.psm1
		PublishScripts\Publish-WebApplicationWebsite.ps1 = PublishScripts\Publish-WebApplicationWebsite.ps1
	EndProjectSection
EndProject
Project("{2150E333-8FDC-42A3-9474-1A3956D46DE8}") = "Configurations", "Configurations", "{0D079A8B-AFAF-43C5-8DE3-F259B093FC1F}"
	ProjectSection(SolutionItems) = preProject
		PublishScripts\Configurations\CIWeb-WAWS-dev.json = PublishScripts\Configurations\CIWeb-WAWS-dev.json
	EndProjectSection
EndProject
Global
	GlobalSection(SolutionConfigurationPlatforms) = preSolution
		Debug|Any CPU = Debug|Any CPU
		Release|Any CPU = Release|Any CPU
	EndGlobalSection
	GlobalSection(ProjectConfigurationPlatforms) = postSolution
		{25A08F35-91F0-48F0-AF93-5618796095E8}.Debug|Any CPU.ActiveCfg = Debug|Any CPU
		{25A08F35-91F0-48F0-AF93-5618796095E8}.Debug|Any CPU.Build.0 = Debug|Any CPU
		{25A08F35-91F0-48F0-AF93-5618796095E8}.Release|Any CPU.ActiveCfg = Release|Any CPU
		{25A08F35-91F0-48F0-AF93-5618796095E8}.Release|Any CPU.Build.0 = Release|Any CPU
		{1270C364-CAB9-4B9A-9CA7-805E0BA1EA11}.Debug|Any CPU.ActiveCfg = Debug|Any CPU
		{1270C364-CAB9-4B9A-9CA7-805E0BA1EA11}.Debug|Any CPU.Build.0 = Debug|Any CPU
		{1270C364-CAB9-4B9A-9CA7-805E0BA1EA11}.Release|Any CPU.ActiveCfg = Release|Any CPU
		{1270C364-CAB9-4B9A-9CA7-805E0BA1EA11}.Release|Any CPU.Build.0 = Release|Any CPU
	EndGlobalSection
	GlobalSection(SolutionProperties) = preSolution
		HideSolutionNode = FALSE
	EndGlobalSection
	GlobalSection(NestedProjects) = preSolution
		{0D079A8B-AFAF-43C5-8DE3-F259B093FC1F} = {D8C2D285-C8B6-491B-85B9-0041D241160E}
	EndGlobalSection
EndGlobal
